
Microsoft Visual Studio Solution File, Format Version 12.00
# Visual Studio Version 16
VisualStudioVersion = 16.0.29709.97
MinimumVisualStudioVersion = 10.0.40219.1
Project("{FAE04EC0-301F-11D3-BF4B-00C04F79EFBC}") = "WorkerService2", "WorkerService2.csproj", "{478FD1F2-5B21-4C1B-A031-BBB9A9DEA06B}"
EndProject
Global
	GlobalSection(SolutionConfigurationPlatforms) = preSolution
		Debug|Any CPU = Debug|Any CPU
		Release|Any CPU = Release|Any CPU
	EndGlobalSection
	GlobalSection(ProjectConfigurationPlatforms) = postSolution
		{478FD1F2-5B21-4C1B-A031-BBB9A9DEA06B}.Debug|Any CPU.ActiveCfg = Debug|Any CPU
		{478FD1F2-5B21-4C1B-A031-BBB9A9DEA06B}.Debug|Any CPU.Build.0 = Debug|Any CPU
		{478FD1F2-5B21-4C1B-A031-BBB9A9DEA06B}.Release|Any CPU.ActiveCfg = Release|Any CPU
		{478FD1F2-5B21-4C1B-A031-BBB9A9DEA06B}.Release|Any CPU.Build.0 = Release|Any CPU
	EndGlobalSection
	GlobalSection(SolutionProperties) = preSolution
		HideSolutionNode = FALSE
	EndGlobalSection
	GlobalSection(ExtensibilityGlobals) = postSolution
		SolutionGuid = {01554C26-7896-4272-BA74-07C34367A7D3}
	EndGlobalSection
EndGlobal
